
Microsoft Visual Studio Solution File, Format Version 12.00
# Visual Studio Version 16
VisualStudioVersion = 16.0.31129.286
MinimumVisualStudioVersion = 10.0.40219.1
Project("{FAE04EC0-301F-11D3-BF4B-00C04F79EFBC}") = "UI_Library_Otomation", "UI_Library_Otomation\UI_Library_Otomation.csproj", "{3E212AD1-EF37-4847-A5ED-6BD4FB4DBF1B}"
EndProject
Global
	GlobalSection(SolutionConfigurationPlatforms) = preSolution
		Debug|Any CPU = Debug|Any CPU
		Release|Any CPU = Release|Any CPU
	EndGlobalSection
	GlobalSection(ProjectConfigurationPlatforms) = postSolution
		{3E212AD1-EF37-4847-A5ED-6BD4FB4DBF1B}.Debug|Any CPU.ActiveCfg = Debug|Any CPU
		{3E212AD1-EF37-4847-A5ED-6BD4FB4DBF1B}.Debug|Any CPU.Build.0 = Debug|Any CPU
		{3E212AD1-EF37-4847-A5ED-6BD4FB4DBF1B}.Release|Any CPU.ActiveCfg = Release|Any CPU
		{3E212AD1-EF37-4847-A5ED-6BD4FB4DBF1B}.Release|Any CPU.Build.0 = Release|Any CPU
	EndGlobalSection
	GlobalSection(SolutionProperties) = preSolution
		HideSolutionNode = FALSE
	EndGlobalSection
	GlobalSection(ExtensibilityGlobals) = postSolution
		SolutionGuid = {128218C9-A2A2-4E00-94E3-9D01638B811D}
	EndGlobalSection
EndGlobal
